{
  "name": "peakflow-builder",
  "lockfileVersion": 3,
  "requires": true,
  "packages": {
    "": {
      "name": "peakflow-builder",
      "devDependencies": {
        "@velocious/testing": "0.0.12"
      }
    },
    "node_modules/@velocious/testing": {
      "version": "0.0.12",
      "resolved": "https://registry.npmjs.org/@velocious/testing/-/testing-0.0.12.tgz",
      "integrity": "sha512-m4dNaMsDRvMSYl5cy1BU6gu2pVNGBVjuEX4UnWHyWOZloTw6b1L7x+4VXU6VXtwfC+1HmtVQlle8yJ1I/FhNDw==",
      "dev": true,
      "license": "MIT",
      "bin": {
        "velocious-test": "build/node/cli.js"
      },
      "engines": {
        "node": ">=20"
      }
    }
  }
}
